
Microsoft Visual Studio Solution File, Format Version 12.00
# Visual Studio Version 16
VisualStudioVersion = 16.0.30114.105
MinimumVisualStudioVersion = 10.0.40219.1
Project("{8BC9CEB8-8B4A-11D0-8D11-00A0C91BC942}") = "ProjetHorloge", "ProjetHorloge\ProjetHorloge.vcxproj", "{7A29AD29-BB45-470F-91B0-6D40671A5A81}"
EndProject
Global
	GlobalSection(SolutionConfigurationPlatforms) = preSolution
		Debug|x64 = Debug|x64
		Release|x64 = Release|x64
	EndGlobalSection
	GlobalSection(ProjectConfigurationPlatforms) = postSolution
		{7A29AD29-BB45-470F-91B0-6D40671A5A81}.Debug|x64.ActiveCfg = Debug|x64
		{7A29AD29-BB45-470F-91B0-6D40671A5A81}.Debug|x64.Build.0 = Debug|x64
		{7A29AD29-BB45-470F-91B0-6D40671A5A81}.Release|x64.ActiveCfg = Release|x64
		{7A29AD29-BB45-470F-91B0-6D40671A5A81}.Release|x64.Build.0 = Release|x64
	EndGlobalSection
	GlobalSection(SolutionProperties) = preSolution
		HideSolutionNode = FALSE
	EndGlobalSection
	GlobalSection(ExtensibilityGlobals) = postSolution
		SolutionGuid = {058C9312-D6F5-4CEF-860F-F16A649ACDA8}
	EndGlobalSection
EndGlobal
